
Microsoft Visual Studio Solution File, Format Version 11.00
# Visual Studio 2010
Project("{F184B08F-C81C-45F6-A57F-5ABD9991F28F}") = "SESMetronomi", "SESMetronomi\SESMetronomi.vbproj", "{AC4CC58C-8DFB-4969-972F-B14A44A9DDBC}"
EndProject
Global
	GlobalSection(SolutionConfigurationPlatforms) = preSolution
		Debug|x86 = Debug|x86
		Release|x86 = Release|x86
	EndGlobalSection
	GlobalSection(ProjectConfigurationPlatforms) = postSolution
		{AC4CC58C-8DFB-4969-972F-B14A44A9DDBC}.Debug|x86.ActiveCfg = Debug|x86
		{AC4CC58C-8DFB-4969-972F-B14A44A9DDBC}.Debug|x86.Build.0 = Debug|x86
		{AC4CC58C-8DFB-4969-972F-B14A44A9DDBC}.Release|x86.ActiveCfg = Release|x86
		{AC4CC58C-8DFB-4969-972F-B14A44A9DDBC}.Release|x86.Build.0 = Release|x86
	EndGlobalSection
	GlobalSection(SolutionProperties) = preSolution
		HideSolutionNode = FALSE
	EndGlobalSection
EndGlobal
